
Microsoft Visual Studio Solution File, Format Version 12.00
# Visual Studio 15
VisualStudioVersion = 15.0.27428.2043
MinimumVisualStudioVersion = 10.0.40219.1
Project("{FAE04EC0-301F-11D3-BF4B-00C04F79EFBC}") = "Sample", "Sample\Sample.csproj", "{F06F763B-73DB-4862-815D-F8B40A092930}"
EndProject
Project("{FAE04EC0-301F-11D3-BF4B-00C04F79EFBC}") = "Interface.Infrastructure", "Interface.Infrastructure\Interface.Infrastructure.csproj", "{29F92400-C06D-4988-9F29-8DF3CFB3B6D5}"
EndProject
Global
	GlobalSection(SolutionConfigurationPlatforms) = preSolution
		Debug|Any CPU = Debug|Any CPU
		Release|Any CPU = Release|Any CPU
	EndGlobalSection
	GlobalSection(ProjectConfigurationPlatforms) = postSolution
		{F06F763B-73DB-4862-815D-F8B40A092930}.Debug|Any CPU.ActiveCfg = Debug|Any CPU
		{F06F763B-73DB-4862-815D-F8B40A092930}.Debug|Any CPU.Build.0 = Debug|Any CPU
		{F06F763B-73DB-4862-815D-F8B40A092930}.Release|Any CPU.ActiveCfg = Release|Any CPU
		{F06F763B-73DB-4862-815D-F8B40A092930}.Release|Any CPU.Build.0 = Release|Any CPU
		{29F92400-C06D-4988-9F29-8DF3CFB3B6D5}.Debug|Any CPU.ActiveCfg = Debug|Any CPU
		{29F92400-C06D-4988-9F29-8DF3CFB3B6D5}.Debug|Any CPU.Build.0 = Debug|Any CPU
		{29F92400-C06D-4988-9F29-8DF3CFB3B6D5}.Release|Any CPU.ActiveCfg = Release|Any CPU
		{29F92400-C06D-4988-9F29-8DF3CFB3B6D5}.Release|Any CPU.Build.0 = Release|Any CPU
	EndGlobalSection
	GlobalSection(SolutionProperties) = preSolution
		HideSolutionNode = FALSE
	EndGlobalSection
	GlobalSection(ExtensibilityGlobals) = postSolution
		SolutionGuid = {ACC6FA7B-5825-4D62-8B43-21706860082C}
	EndGlobalSection
EndGlobal
